
Microsoft Visual Studio Solution File, Format Version 12.00
# Visual Studio Version 17
VisualStudioVersion = 17.6.33829.357
MinimumVisualStudioVersion = 10.0.40219.1
Project("{FAE04EC0-301F-11D3-BF4B-00C04F79EFBC}") = "ComputeAverageApp", "ComputeAverageApp\ComputeAverageApp.csproj", "{08A4A36F-8536-4E53-A9BB-0CC6FA483C26}"
EndProject
Global
	GlobalSection(SolutionConfigurationPlatforms) = preSolution
		Debug|Any CPU = Debug|Any CPU
		Release|Any CPU = Release|Any CPU
	EndGlobalSection
	GlobalSection(ProjectConfigurationPlatforms) = postSolution
		{08A4A36F-8536-4E53-A9BB-0CC6FA483C26}.Debug|Any CPU.ActiveCfg = Debug|Any CPU
		{08A4A36F-8536-4E53-A9BB-0CC6FA483C26}.Debug|Any CPU.Build.0 = Debug|Any CPU
		{08A4A36F-8536-4E53-A9BB-0CC6FA483C26}.Release|Any CPU.ActiveCfg = Release|Any CPU
		{08A4A36F-8536-4E53-A9BB-0CC6FA483C26}.Release|Any CPU.Build.0 = Release|Any CPU
	EndGlobalSection
	GlobalSection(SolutionProperties) = preSolution
		HideSolutionNode = FALSE
	EndGlobalSection
	GlobalSection(ExtensibilityGlobals) = postSolution
		SolutionGuid = {ACBA10A6-DABC-4584-AB7E-2BC3AC09C681}
	EndGlobalSection
EndGlobal
